{
  "name": "@fcrick/buzhash",
  "version": "1.0.0",
  "lockfileVersion": 2,
  "requires": true,
  "packages": {
    "": {
      "name": "@fcrick/buzhash",
      "version": "1.0.0",
      "hasInstallScript": true,
      "license": "ISC",
      "devDependencies": {
        "assemblyscript": "^0.13.3",
        "typescript": "^3.9.6"
      }
    },
    "node_modules/assemblyscript": {
      "version": "0.13.8",
      "resolved": "https://registry.npmjs.org/assemblyscript/-/assemblyscript-0.13.8.tgz",
      "integrity": "sha512-HOwnJd/Fs88jPuQVA1Waz/njGJfu1tPQCL4hGas3XDvap6xVQUFGxx4hCxn8kFC8kSmVC3MBgFkWz+VPTes7Bw==",
      "dev": true,
      "dependencies": {
        "binaryen": "93.0.0-nightly.20200609",
        "long": "^4.0.0"
      },
      "bin": {
        "asc": "bin/asc",
        "asinit": "bin/asinit"
      },
      "funding": {
        "type": "opencollective",
        "url": "https://opencollective.com/assemblyscript"
      }
    },
    "node_modules/binaryen": {
      "version": "93.0.0-nightly.20200609",
      "resolved": "https://registry.npmjs.org/binaryen/-/binaryen-93.0.0-nightly.20200609.tgz",
      "integrity": "sha512-CIaeav05u+fWRN2h1ecwIoSaOF/Mk6U85M/G6eg1nOHAXYYmOuh9TztF9Fu8krRWnl98J3W+VfDClApMV5zCtw==",
      "dev": true,
      "bin": {
        "wasm-opt": "bin/wasm-opt"
      }
    },
    "node_modules/long": {
      "version": "4.0.0",
      "resolved": "https://registry.npmjs.org/long/-/long-4.0.0.tgz",
      "integrity": "sha512-XsP+KhQif4bjX1kbuSiySJFNAehNxgLb6hPRGJ9QsUr8ajHkuXGdrHmFUTUUXhDwVX2R5bY4JNZEwbUiMhV+MA==",
      "dev": true
    },
    "node_modules/typescript": {
      "version": "3.9.7",
      "resolved": "https://registry.npmjs.org/typescript/-/typescript-3.9.7.tgz",
      "integrity": "sha512-BLbiRkiBzAwsjut4x/dsibSTB6yWpwT5qWmC2OfuCg3GgVQCSgMs4vEctYPhsaGtd0AeuuHMkjZ2h2WG8MSzRw==",
      "dev": true,
      "bin": {
        "tsc": "bin/tsc",
        "tsserver": "bin/tsserver"
      },
      "engines": {
        "node": ">=4.2.0"
      }
    }
  },
  "dependencies": {
    "assemblyscript": {
      "version": "0.13.8",
      "resolved": "https://registry.npmjs.org/assemblyscript/-/assemblyscript-0.13.8.tgz",
      "integrity": "sha512-HOwnJd/Fs88jPuQVA1Waz/njGJfu1tPQCL4hGas3XDvap6xVQUFGxx4hCxn8kFC8kSmVC3MBgFkWz+VPTes7Bw==",
      "dev": true,
      "requires": {
        "binaryen": "93.0.0-nightly.20200609",
        "long": "^4.0.0"
      }
    },
    "binaryen": {
      "version": "93.0.0-nightly.20200609",
      "resolved": "https://registry.npmjs.org/binaryen/-/binaryen-93.0.0-nightly.20200609.tgz",
      "integrity": "sha512-CIaeav05u+fWRN2h1ecwIoSaOF/Mk6U85M/G6eg1nOHAXYYmOuh9TztF9Fu8krRWnl98J3W+VfDClApMV5zCtw==",
      "dev": true
    },
    "long": {
      "version": "4.0.0",
      "resolved": "https://registry.npmjs.org/long/-/long-4.0.0.tgz",
      "integrity": "sha512-XsP+KhQif4bjX1kbuSiySJFNAehNxgLb6hPRGJ9QsUr8ajHkuXGdrHmFUTUUXhDwVX2R5bY4JNZEwbUiMhV+MA==",
      "dev": true
    },
    "typescript": {
      "version": "3.9.7",
      "resolved": "https://registry.npmjs.org/typescript/-/typescript-3.9.7.tgz",
      "integrity": "sha512-BLbiRkiBzAwsjut4x/dsibSTB6yWpwT5qWmC2OfuCg3GgVQCSgMs4vEctYPhsaGtd0AeuuHMkjZ2h2WG8MSzRw==",
      "dev": true
    }
  }
}
